
Microsoft Visual Studio Solution File, Format Version 11.00
# Visual Studio 2010
Project("{8BC9CEB8-8B4A-11D0-8D11-00A0C91BC942}") = "Huffman_Compressor", "Huffman_Compressor\Huffman_Compressor.vcxproj", "{91E33F66-D1FA-4CC3-BA0F-55713AA33055}"
EndProject
Global
	GlobalSection(SolutionConfigurationPlatforms) = preSolution
		Debug|Win32 = Debug|Win32
		Release|Win32 = Release|Win32
	EndGlobalSection
	GlobalSection(ProjectConfigurationPlatforms) = postSolution
		{91E33F66-D1FA-4CC3-BA0F-55713AA33055}.Debug|Win32.ActiveCfg = Debug|Win32
		{91E33F66-D1FA-4CC3-BA0F-55713AA33055}.Debug|Win32.Build.0 = Debug|Win32
		{91E33F66-D1FA-4CC3-BA0F-55713AA33055}.Release|Win32.ActiveCfg = Release|Win32
		{91E33F66-D1FA-4CC3-BA0F-55713AA33055}.Release|Win32.Build.0 = Release|Win32
	EndGlobalSection
	GlobalSection(SolutionProperties) = preSolution
		HideSolutionNode = FALSE
	EndGlobalSection
EndGlobal
